{
  "repository": "ghcr.io/roundtablelove/nix-seed/examples/eval-heavy/seed",
  "systems": {
    "aarch64-darwin": "sha256:2c346b96f6e20b04d3ddb071b20fa2957179cc8fc8cf927a727705f33aad01fd",
    "aarch64-linux": "sha256:b8e13c09d04b62913f88904b93893b5b602c1d88abccedb0994bfd61585144f3"
  },
  "tag": "3fbe9ad6782630d99fb5ce26213d1b2a70d55407",
  "version": 1
}
