{
  "repository": "ghcr.io/roundtablelove/nix-seed/examples/python/seed",
  "systems": {
    "aarch64-darwin": "sha256:3f1b72d3dfe886ce8f916dd69f840c2d2205af79c7729fa2a3a4a9f657f4447e",
    "aarch64-linux": "sha256:2ada1308c2738c99c6e257a7664592eff64b80c54841bbd3856bb0eb3c08efb2"
  },
  "tag": "f912c8f858b7539571176cb262830ba7b73ad384",
  "version": 1
}
