{
  "repository": "ghcr.io/roundtablelove/nix-seed/examples/rust/seed",
  "systems": {
    "aarch64-darwin": "sha256:5cb292669623a9c68fc460216eb3b1a315eb16f242f2e651de7e66b9a9aab120",
    "aarch64-linux": "sha256:70ae83083aea17eacba746fde0a7e92d0ed7dddf98ff387905ce63423dca7d1f"
  },
  "tag": "f912c8f858b7539571176cb262830ba7b73ad384",
  "version": 1
}
